
Microsoft Visual Studio Solution File, Format Version 12.00
# Visual Studio 14
VisualStudioVersion = 14.0.25123.0
MinimumVisualStudioVersion = 10.0.40219.1
Project("{FAE04EC0-301F-11D3-BF4B-00C04F79EFBC}") = "HotelReservation", "HotelReservation\HotelReservation.csproj", "{72C38D9D-889B-464C-89CC-004A9A92D23A}"
EndProject
Project("{FAE04EC0-301F-11D3-BF4B-00C04F79EFBC}") = "HotelReservation.Entities", "HotelReservation.Entities\HotelReservation.Entities.csproj", "{10AD3D3C-4C83-44A7-997B-50F37A6F32B1}"
EndProject
Project("{FAE04EC0-301F-11D3-BF4B-00C04F79EFBC}") = "CustomerOperations.data", "Customer.data\CustomerOperations.data.csproj", "{192022AE-E7E7-4BD1-BD2E-134AFB6C4A94}"
EndProject
Project("{FAE04EC0-301F-11D3-BF4B-00C04F79EFBC}") = "CustomerDB.test", "CustomerDB.test\CustomerDB.test.csproj", "{690E8182-3487-4B8B-941F-A1DB1DD0369D}"
EndProject
Project("{FAE04EC0-301F-11D3-BF4B-00C04F79EFBC}") = "HotelOperation.data", "HotelOperation.data\HotelOperation.data.csproj", "{43BD1262-D875-4BEF-8E83-A697ED59088F}"
EndProject
Project("{FAE04EC0-301F-11D3-BF4B-00C04F79EFBC}") = "HotelDB.test", "HotelDB.test\HotelDB.test.csproj", "{D6B39AF8-1123-47CF-BC61-49A10E144E09}"
EndProject
Project("{FAE04EC0-301F-11D3-BF4B-00C04F79EFBC}") = "HotelRoomsOperation.data", "HotelRoomsOperation.data\HotelRoomsOperation.data.csproj", "{FF168291-A392-47E4-875C-E55E3A5FE265}"
EndProject
Project("{FAE04EC0-301F-11D3-BF4B-00C04F79EFBC}") = "HotelRoomsDB.test", "HotelRoomsDB.test\HotelRoomsDB.test.csproj", "{316BF2FF-3805-46C6-AD5C-65428C36AAC5}"
EndProject
Project("{FAE04EC0-301F-11D3-BF4B-00C04F79EFBC}") = "BookingDetailsOperation.Data", "BookingDetailsOperation.Data\BookingDetailsOperation.Data.csproj", "{9892D494-E439-4258-A2B3-829795273FCD}"
EndProject
Project("{FAE04EC0-301F-11D3-BF4B-00C04F79EFBC}") = "BookignDB.test", "BookignDB.test\BookignDB.test.csproj", "{EDA3B621-B754-488E-97F2-201190DE0E97}"
EndProject
Project("{FAE04EC0-301F-11D3-BF4B-00C04F79EFBC}") = "CitiesOperation.Data", "CitiesOperation.Data\CitiesOperation.Data.csproj", "{4D36F95D-EA36-4018-96FF-0A3B14351509}"
EndProject
Project("{FAE04EC0-301F-11D3-BF4B-00C04F79EFBC}") = "LINQ to SQL", "LINQ to SQL\LINQ to SQL.csproj", "{45B522B7-6E66-48DD-83F3-64476D659BDD}"
EndProject
Project("{FAE04EC0-301F-11D3-BF4B-00C04F79EFBC}") = "LogHandler", "LogHandler\LogHandler.csproj", "{0C114E68-00BA-4405-B26C-6F69F0106C8F}"
EndProject
Global
	GlobalSection(SolutionConfigurationPlatforms) = preSolution
		Debug|Any CPU = Debug|Any CPU
		Release|Any CPU = Release|Any CPU
	EndGlobalSection
	GlobalSection(ProjectConfigurationPlatforms) = postSolution
		{72C38D9D-889B-464C-89CC-004A9A92D23A}.Debug|Any CPU.ActiveCfg = Debug|Any CPU
		{72C38D9D-889B-464C-89CC-004A9A92D23A}.Debug|Any CPU.Build.0 = Debug|Any CPU
		{72C38D9D-889B-464C-89CC-004A9A92D23A}.Release|Any CPU.ActiveCfg = Release|Any CPU
		{72C38D9D-889B-464C-89CC-004A9A92D23A}.Release|Any CPU.Build.0 = Release|Any CPU
		{10AD3D3C-4C83-44A7-997B-50F37A6F32B1}.Debug|Any CPU.ActiveCfg = Debug|Any CPU
		{10AD3D3C-4C83-44A7-997B-50F37A6F32B1}.Debug|Any CPU.Build.0 = Debug|Any CPU
		{10AD3D3C-4C83-44A7-997B-50F37A6F32B1}.Release|Any CPU.ActiveCfg = Release|Any CPU
		{10AD3D3C-4C83-44A7-997B-50F37A6F32B1}.Release|Any CPU.Build.0 = Release|Any CPU
		{192022AE-E7E7-4BD1-BD2E-134AFB6C4A94}.Debug|Any CPU.ActiveCfg = Debug|Any CPU
		{192022AE-E7E7-4BD1-BD2E-134AFB6C4A94}.Debug|Any CPU.Build.0 = Debug|Any CPU
		{192022AE-E7E7-4BD1-BD2E-134AFB6C4A94}.Release|Any CPU.ActiveCfg = Release|Any CPU
		{192022AE-E7E7-4BD1-BD2E-134AFB6C4A94}.Release|Any CPU.Build.0 = Release|Any CPU
		{690E8182-3487-4B8B-941F-A1DB1DD0369D}.Debug|Any CPU.ActiveCfg = Debug|Any CPU
		{690E8182-3487-4B8B-941F-A1DB1DD0369D}.Debug|Any CPU.Build.0 = Debug|Any CPU
		{690E8182-3487-4B8B-941F-A1DB1DD0369D}.Release|Any CPU.ActiveCfg = Release|Any CPU
		{690E8182-3487-4B8B-941F-A1DB1DD0369D}.Release|Any CPU.Build.0 = Release|Any CPU
		{43BD1262-D875-4BEF-8E83-A697ED59088F}.Debug|Any CPU.ActiveCfg = Debug|Any CPU
		{43BD1262-D875-4BEF-8E83-A697ED59088F}.Debug|Any CPU.Build.0 = Debug|Any CPU
		{43BD1262-D875-4BEF-8E83-A697ED59088F}.Release|Any CPU.ActiveCfg = Release|Any CPU
		{43BD1262-D875-4BEF-8E83-A697ED59088F}.Release|Any CPU.Build.0 = Release|Any CPU
		{D6B39AF8-1123-47CF-BC61-49A10E144E09}.Debug|Any CPU.ActiveCfg = Debug|Any CPU
		{D6B39AF8-1123-47CF-BC61-49A10E144E09}.Debug|Any CPU.Build.0 = Debug|Any CPU
		{D6B39AF8-1123-47CF-BC61-49A10E144E09}.Release|Any CPU.ActiveCfg = Release|Any CPU
		{D6B39AF8-1123-47CF-BC61-49A10E144E09}.Release|Any CPU.Build.0 = Release|Any CPU
		{FF168291-A392-47E4-875C-E55E3A5FE265}.Debug|Any CPU.ActiveCfg = Debug|Any CPU
		{FF168291-A392-47E4-875C-E55E3A5FE265}.Debug|Any CPU.Build.0 = Debug|Any CPU
		{FF168291-A392-47E4-875C-E55E3A5FE265}.Release|Any CPU.ActiveCfg = Release|Any CPU
		{FF168291-A392-47E4-875C-E55E3A5FE265}.Release|Any CPU.Build.0 = Release|Any CPU
		{316BF2FF-3805-46C6-AD5C-65428C36AAC5}.Debug|Any CPU.ActiveCfg = Debug|Any CPU
		{316BF2FF-3805-46C6-AD5C-65428C36AAC5}.Debug|Any CPU.Build.0 = Debug|Any CPU
		{316BF2FF-3805-46C6-AD5C-65428C36AAC5}.Release|Any CPU.ActiveCfg = Release|Any CPU
		{316BF2FF-3805-46C6-AD5C-65428C36AAC5}.Release|Any CPU.Build.0 = Release|Any CPU
		{9892D494-E439-4258-A2B3-829795273FCD}.Debug|Any CPU.ActiveCfg = Debug|Any CPU
		{9892D494-E439-4258-A2B3-829795273FCD}.Debug|Any CPU.Build.0 = Debug|Any CPU
		{9892D494-E439-4258-A2B3-829795273FCD}.Release|Any CPU.ActiveCfg = Release|Any CPU
		{9892D494-E439-4258-A2B3-829795273FCD}.Release|Any CPU.Build.0 = Release|Any CPU
		{EDA3B621-B754-488E-97F2-201190DE0E97}.Debug|Any CPU.ActiveCfg = Debug|Any CPU
		{EDA3B621-B754-488E-97F2-201190DE0E97}.Debug|Any CPU.Build.0 = Debug|Any CPU
		{EDA3B621-B754-488E-97F2-201190DE0E97}.Release|Any CPU.ActiveCfg = Release|Any CPU
		{EDA3B621-B754-488E-97F2-201190DE0E97}.Release|Any CPU.Build.0 = Release|Any CPU
		{4D36F95D-EA36-4018-96FF-0A3B14351509}.Debug|Any CPU.ActiveCfg = Debug|Any CPU
		{4D36F95D-EA36-4018-96FF-0A3B14351509}.Debug|Any CPU.Build.0 = Debug|Any CPU
		{4D36F95D-EA36-4018-96FF-0A3B14351509}.Release|Any CPU.ActiveCfg = Release|Any CPU
		{4D36F95D-EA36-4018-96FF-0A3B14351509}.Release|Any CPU.Build.0 = Release|Any CPU
		{45B522B7-6E66-48DD-83F3-64476D659BDD}.Debug|Any CPU.ActiveCfg = Debug|Any CPU
		{45B522B7-6E66-48DD-83F3-64476D659BDD}.Debug|Any CPU.Build.0 = Debug|Any CPU
		{45B522B7-6E66-48DD-83F3-64476D659BDD}.Release|Any CPU.ActiveCfg = Release|Any CPU
		{45B522B7-6E66-48DD-83F3-64476D659BDD}.Release|Any CPU.Build.0 = Release|Any CPU
		{0C114E68-00BA-4405-B26C-6F69F0106C8F}.Debug|Any CPU.ActiveCfg = Debug|Any CPU
		{0C114E68-00BA-4405-B26C-6F69F0106C8F}.Debug|Any CPU.Build.0 = Debug|Any CPU
		{0C114E68-00BA-4405-B26C-6F69F0106C8F}.Release|Any CPU.ActiveCfg = Release|Any CPU
		{0C114E68-00BA-4405-B26C-6F69F0106C8F}.Release|Any CPU.Build.0 = Release|Any CPU
	EndGlobalSection
	GlobalSection(SolutionProperties) = preSolution
		HideSolutionNode = FALSE
	EndGlobalSection
EndGlobal
